
Microsoft Visual Studio Solution File, Format Version 12.00
# Visual Studio 15
VisualStudioVersion = 15.0.27703.2018
MinimumVisualStudioVersion = 10.0.40219.1
Project("{FAE04EC0-301F-11D3-BF4B-00C04F79EFBC}") = "TelBot_1.1", "TelBot_1.1\TelBot_1.1.csproj", "{E08CFB46-465A-4059-9383-8CB8416AB6E5}"
EndProject
Global
	GlobalSection(SolutionConfigurationPlatforms) = preSolution
		Debug|Any CPU = Debug|Any CPU
		Release|Any CPU = Release|Any CPU
	EndGlobalSection
	GlobalSection(ProjectConfigurationPlatforms) = postSolution
		{E08CFB46-465A-4059-9383-8CB8416AB6E5}.Debug|Any CPU.ActiveCfg = Debug|Any CPU
		{E08CFB46-465A-4059-9383-8CB8416AB6E5}.Debug|Any CPU.Build.0 = Debug|Any CPU
		{E08CFB46-465A-4059-9383-8CB8416AB6E5}.Release|Any CPU.ActiveCfg = Release|Any CPU
		{E08CFB46-465A-4059-9383-8CB8416AB6E5}.Release|Any CPU.Build.0 = Release|Any CPU
	EndGlobalSection
	GlobalSection(SolutionProperties) = preSolution
		HideSolutionNode = FALSE
	EndGlobalSection
	GlobalSection(ExtensibilityGlobals) = postSolution
		SolutionGuid = {FB5FF08C-DB4C-4D21-89E0-6EAFB710CF29}
	EndGlobalSection
EndGlobal
